{
    "_readme": [
        "This file locks the dependencies of your project to a known state",
        "Read more about it at http://getcomposer.org/doc/01-basic-usage.md#composer-lock-the-lock-file"
    ],
    "hash": "e008311692cbce81505666eb489bf538",
    "packages": [
        {
            "name": "asm89/twig-cache-extension",
            "version": "dev-master",
            "source": {
                "type": "git",
                "url": "https://github.com/asm89/twig-cache-extension.git",
                "reference": "449791bf685d2ed49bafdb506ff613eefc7023b6"
            },
            "dist": {
                "type": "zip",
                "url": "https://api.github.com/repos/asm89/twig-cache-extension/zipball/449791bf685d2ed49bafdb506ff613eefc7023b6",
                "reference": "449791bf685d2ed49bafdb506ff613eefc7023b6",
                "shasum": ""
            },
            "require": {
                "php": ">=5.3.2",
                "twig/twig": "1.*"
            },
            "require-dev": {
                "doctrine/common": ">=2.1,<2.5-dev"
            },
            "type": "library",
            "autoload": {
                "psr-0": {
                    "Asm89\\Twig\\CacheExtension\\": "lib/"
                }
            },
            "notification-url": "https://packagist.org/downloads/",
            "license": [
                "MIT"
            ],
            "authors": [
                {
                    "name": "Alexander Mols",
                    "email": "iam.asm89@gmail.com"
                }
            ],
            "description": "Caching template fragments with Twig.",
            "homepage": "https://github.com/asm89/twig-cache-extension",
            "keywords": [
                "cache",
                "twig"
            ],
            "time": "2013-07-29 09:26:50"
        },
        {
            "name": "twig/twig",
            "version": "v1.13.2",
            "source": {
                "type": "git",
                "url": "https://github.com/fabpot/Twig.git",
                "reference": "6d6a1009427d1f398c9d40904147bf9f723d5755"
            },
            "dist": {
                "type": "zip",
                "url": "https://api.github.com/repos/fabpot/Twig/zipball/6d6a1009427d1f398c9d40904147bf9f723d5755",
                "reference": "6d6a1009427d1f398c9d40904147bf9f723d5755",
                "shasum": ""
            },
            "require": {
                "php": ">=5.2.4"
            },
            "type": "library",
            "extra": {
                "branch-alias": {
                    "dev-master": "1.13-dev"
                }
            },
            "autoload": {
                "psr-0": {
                    "Twig_": "lib/"
                }
            },
            "notification-url": "https://packagist.org/downloads/",
            "license": [
                "BSD-3-Clause"
            ],
            "authors": [
                {
                    "name": "Fabien Potencier",
                    "email": "fabien@symfony.com"
                },
                {
                    "name": "Armin Ronacher",
                    "email": "armin.ronacher@active-4.com"
                }
            ],
            "description": "Twig, the flexible, fast, and secure template language for PHP",
            "homepage": "http://twig.sensiolabs.org",
            "keywords": [
                "templating"
            ],
            "time": "2013-08-03 15:35:31"
        }
    ],
    "packages-dev": [

    ],
    "aliases": [

    ],
    "minimum-stability": "stable",
    "stability-flags": {
        "asm89/twig-cache-extension": 20
    },
    "platform": [

    ],
    "platform-dev": [

    ]
}
